
Microsoft Visual Studio Solution File, Format Version 12.00
# Visual Studio Version 17
VisualStudioVersion = 17.0.31903.59
MinimumVisualStudioVersion = 10.0.40219.1
Project("{2150E333-8FDC-42A3-9474-1A3956D46DE8}") = "src", "src", "{827E0CD3-B72D-47B6-A68D-7590B98EB39B}"
EndProject
Project("{FAE04EC0-301F-11D3-BF4B-00C04F79EFBC}") = "Bendover.Domain", "src\Bendover.Domain\Bendover.Domain.csproj", "{313F07EB-AD3E-4686-BC39-CBC75C7CB797}"
EndProject
Project("{FAE04EC0-301F-11D3-BF4B-00C04F79EFBC}") = "Bendover.Application", "src\Bendover.Application\Bendover.Application.csproj", "{D7C513BF-603C-47BF-9683-E240C6C337AE}"
EndProject
Project("{FAE04EC0-301F-11D3-BF4B-00C04F79EFBC}") = "Bendover.Infrastructure", "src\Bendover.Infrastructure\Bendover.Infrastructure.csproj", "{168F5DC2-F805-4CEF-B1C9-27CD50220570}"
EndProject
Project("{FAE04EC0-301F-11D3-BF4B-00C04F79EFBC}") = "Bendover.SDK", "src\Bendover.SDK\Bendover.SDK.csproj", "{95A47B89-A5C1-42CA-9705-B9D1E78A4CC9}"
EndProject
Project("{FAE04EC0-301F-11D3-BF4B-00C04F79EFBC}") = "Bendover.Presentation.CLI", "src\Bendover.Presentation.CLI\Bendover.Presentation.CLI.csproj", "{D9DBFA37-9948-4E2C-91AC-42EB609C24A8}"
EndProject
Project("{FAE04EC0-301F-11D3-BF4B-00C04F79EFBC}") = "Bendover.Presentation.Server", "src\Bendover.Presentation.Server\Bendover.Presentation.Server.csproj", "{24C8A670-65A4-4610-9BEC-1D69D1D169F3}"
EndProject
Project("{2150E333-8FDC-42A3-9474-1A3956D46DE8}") = "tests", "tests", "{0AB3BF05-4346-4AA6-1389-037BE0695223}"
EndProject
Project("{FAE04EC0-301F-11D3-BF4B-00C04F79EFBC}") = "Bendover.Tests", "tests\Bendover.Tests\Bendover.Tests.csproj", "{1AF58D3C-0EB1-465D-977E-DDAEFF14CD28}"
EndProject
Project("{FAE04EC0-301F-11D3-BF4B-00C04F79EFBC}") = "Bendover.PromptOpt.CLI", "src\Bendover.PromptOpt.CLI\Bendover.PromptOpt.CLI.csproj", "{F012C2CB-61F8-491A-AC0E-AEF5ADC7471D}"
EndProject
Project("{FAE04EC0-301F-11D3-BF4B-00C04F79EFBC}") = "Bendover.PromptOpt.CLI.Tests", "tests\Bendover.PromptOpt.CLI.Tests\Bendover.PromptOpt.CLI.Tests.csproj", "{BBB120BE-1D83-4D78-9F3D-4F48F2934166}"
EndProject
Global
	GlobalSection(SolutionConfigurationPlatforms) = preSolution
		Debug|Any CPU = Debug|Any CPU
		Debug|x64 = Debug|x64
		Debug|x86 = Debug|x86
		Release|Any CPU = Release|Any CPU
		Release|x64 = Release|x64
		Release|x86 = Release|x86
	EndGlobalSection
	GlobalSection(ProjectConfigurationPlatforms) = postSolution
		{313F07EB-AD3E-4686-BC39-CBC75C7CB797}.Debug|Any CPU.ActiveCfg = Debug|Any CPU
		{313F07EB-AD3E-4686-BC39-CBC75C7CB797}.Debug|Any CPU.Build.0 = Debug|Any CPU
		{313F07EB-AD3E-4686-BC39-CBC75C7CB797}.Debug|x64.ActiveCfg = Debug|Any CPU
		{313F07EB-AD3E-4686-BC39-CBC75C7CB797}.Debug|x64.Build.0 = Debug|Any CPU
		{313F07EB-AD3E-4686-BC39-CBC75C7CB797}.Debug|x86.ActiveCfg = Debug|Any CPU
		{313F07EB-AD3E-4686-BC39-CBC75C7CB797}.Debug|x86.Build.0 = Debug|Any CPU
		{313F07EB-AD3E-4686-BC39-CBC75C7CB797}.Release|Any CPU.ActiveCfg = Release|Any CPU
		{313F07EB-AD3E-4686-BC39-CBC75C7CB797}.Release|Any CPU.Build.0 = Release|Any CPU
		{313F07EB-AD3E-4686-BC39-CBC75C7CB797}.Release|x64.ActiveCfg = Release|Any CPU
		{313F07EB-AD3E-4686-BC39-CBC75C7CB797}.Release|x64.Build.0 = Release|Any CPU
		{313F07EB-AD3E-4686-BC39-CBC75C7CB797}.Release|x86.ActiveCfg = Release|Any CPU
		{313F07EB-AD3E-4686-BC39-CBC75C7CB797}.Release|x86.Build.0 = Release|Any CPU
		{D7C513BF-603C-47BF-9683-E240C6C337AE}.Debug|Any CPU.ActiveCfg = Debug|Any CPU
		{D7C513BF-603C-47BF-9683-E240C6C337AE}.Debug|Any CPU.Build.0 = Debug|Any CPU
		{D7C513BF-603C-47BF-9683-E240C6C337AE}.Debug|x64.ActiveCfg = Debug|Any CPU
		{D7C513BF-603C-47BF-9683-E240C6C337AE}.Debug|x64.Build.0 = Debug|Any CPU
		{D7C513BF-603C-47BF-9683-E240C6C337AE}.Debug|x86.ActiveCfg = Debug|Any CPU
		{D7C513BF-603C-47BF-9683-E240C6C337AE}.Debug|x86.Build.0 = Debug|Any CPU
		{D7C513BF-603C-47BF-9683-E240C6C337AE}.Release|Any CPU.ActiveCfg = Release|Any CPU
		{D7C513BF-603C-47BF-9683-E240C6C337AE}.Release|Any CPU.Build.0 = Release|Any CPU
		{D7C513BF-603C-47BF-9683-E240C6C337AE}.Release|x64.ActiveCfg = Release|Any CPU
		{D7C513BF-603C-47BF-9683-E240C6C337AE}.Release|x64.Build.0 = Release|Any CPU
		{D7C513BF-603C-47BF-9683-E240C6C337AE}.Release|x86.ActiveCfg = Release|Any CPU
		{D7C513BF-603C-47BF-9683-E240C6C337AE}.Release|x86.Build.0 = Release|Any CPU
		{168F5DC2-F805-4CEF-B1C9-27CD50220570}.Debug|Any CPU.ActiveCfg = Debug|Any CPU
		{168F5DC2-F805-4CEF-B1C9-27CD50220570}.Debug|Any CPU.Build.0 = Debug|Any CPU
		{168F5DC2-F805-4CEF-B1C9-27CD50220570}.Debug|x64.ActiveCfg = Debug|Any CPU
		{168F5DC2-F805-4CEF-B1C9-27CD50220570}.Debug|x64.Build.0 = Debug|Any CPU
		{168F5DC2-F805-4CEF-B1C9-27CD50220570}.Debug|x86.ActiveCfg = Debug|Any CPU
		{168F5DC2-F805-4CEF-B1C9-27CD50220570}.Debug|x86.Build.0 = Debug|Any CPU
		{168F5DC2-F805-4CEF-B1C9-27CD50220570}.Release|Any CPU.ActiveCfg = Release|Any CPU
		{168F5DC2-F805-4CEF-B1C9-27CD50220570}.Release|Any CPU.Build.0 = Release|Any CPU
		{168F5DC2-F805-4CEF-B1C9-27CD50220570}.Release|x64.ActiveCfg = Release|Any CPU
		{168F5DC2-F805-4CEF-B1C9-27CD50220570}.Release|x64.Build.0 = Release|Any CPU
		{168F5DC2-F805-4CEF-B1C9-27CD50220570}.Release|x86.ActiveCfg = Release|Any CPU
		{168F5DC2-F805-4CEF-B1C9-27CD50220570}.Release|x86.Build.0 = Release|Any CPU
		{95A47B89-A5C1-42CA-9705-B9D1E78A4CC9}.Debug|Any CPU.ActiveCfg = Debug|Any CPU
		{95A47B89-A5C1-42CA-9705-B9D1E78A4CC9}.Debug|Any CPU.Build.0 = Debug|Any CPU
		{95A47B89-A5C1-42CA-9705-B9D1E78A4CC9}.Debug|x64.ActiveCfg = Debug|Any CPU
		{95A47B89-A5C1-42CA-9705-B9D1E78A4CC9}.Debug|x64.Build.0 = Debug|Any CPU
		{95A47B89-A5C1-42CA-9705-B9D1E78A4CC9}.Debug|x86.ActiveCfg = Debug|Any CPU
		{95A47B89-A5C1-42CA-9705-B9D1E78A4CC9}.Debug|x86.Build.0 = Debug|Any CPU
		{95A47B89-A5C1-42CA-9705-B9D1E78A4CC9}.Release|Any CPU.ActiveCfg = Release|Any CPU
		{95A47B89-A5C1-42CA-9705-B9D1E78A4CC9}.Release|Any CPU.Build.0 = Release|Any CPU
		{95A47B89-A5C1-42CA-9705-B9D1E78A4CC9}.Release|x64.ActiveCfg = Release|Any CPU
		{95A47B89-A5C1-42CA-9705-B9D1E78A4CC9}.Release|x64.Build.0 = Release|Any CPU
		{95A47B89-A5C1-42CA-9705-B9D1E78A4CC9}.Release|x86.ActiveCfg = Release|Any CPU
		{95A47B89-A5C1-42CA-9705-B9D1E78A4CC9}.Release|x86.Build.0 = Release|Any CPU
		{D9DBFA37-9948-4E2C-91AC-42EB609C24A8}.Debug|Any CPU.ActiveCfg = Debug|Any CPU
		{D9DBFA37-9948-4E2C-91AC-42EB609C24A8}.Debug|Any CPU.Build.0 = Debug|Any CPU
		{D9DBFA37-9948-4E2C-91AC-42EB609C24A8}.Debug|x64.ActiveCfg = Debug|Any CPU
		{D9DBFA37-9948-4E2C-91AC-42EB609C24A8}.Debug|x64.Build.0 = Debug|Any CPU
		{D9DBFA37-9948-4E2C-91AC-42EB609C24A8}.Debug|x86.ActiveCfg = Debug|Any CPU
		{D9DBFA37-9948-4E2C-91AC-42EB609C24A8}.Debug|x86.Build.0 = Debug|Any CPU
		{D9DBFA37-9948-4E2C-91AC-42EB609C24A8}.Release|Any CPU.ActiveCfg = Release|Any CPU
		{D9DBFA37-9948-4E2C-91AC-42EB609C24A8}.Release|Any CPU.Build.0 = Release|Any CPU
		{D9DBFA37-9948-4E2C-91AC-42EB609C24A8}.Release|x64.ActiveCfg = Release|Any CPU
		{D9DBFA37-9948-4E2C-91AC-42EB609C24A8}.Release|x64.Build.0 = Release|Any CPU
		{D9DBFA37-9948-4E2C-91AC-42EB609C24A8}.Release|x86.ActiveCfg = Release|Any CPU
		{D9DBFA37-9948-4E2C-91AC-42EB609C24A8}.Release|x86.Build.0 = Release|Any CPU
		{24C8A670-65A4-4610-9BEC-1D69D1D169F3}.Debug|Any CPU.ActiveCfg = Debug|Any CPU
		{24C8A670-65A4-4610-9BEC-1D69D1D169F3}.Debug|Any CPU.Build.0 = Debug|Any CPU
		{24C8A670-65A4-4610-9BEC-1D69D1D169F3}.Debug|x64.ActiveCfg = Debug|Any CPU
		{24C8A670-65A4-4610-9BEC-1D69D1D169F3}.Debug|x64.Build.0 = Debug|Any CPU
		{24C8A670-65A4-4610-9BEC-1D69D1D169F3}.Debug|x86.ActiveCfg = Debug|Any CPU
		{24C8A670-65A4-4610-9BEC-1D69D1D169F3}.Debug|x86.Build.0 = Debug|Any CPU
		{24C8A670-65A4-4610-9BEC-1D69D1D169F3}.Release|Any CPU.ActiveCfg = Release|Any CPU
		{24C8A670-65A4-4610-9BEC-1D69D1D169F3}.Release|Any CPU.Build.0 = Release|Any CPU
		{24C8A670-65A4-4610-9BEC-1D69D1D169F3}.Release|x64.ActiveCfg = Release|Any CPU
		{24C8A670-65A4-4610-9BEC-1D69D1D169F3}.Release|x64.Build.0 = Release|Any CPU
		{24C8A670-65A4-4610-9BEC-1D69D1D169F3}.Release|x86.ActiveCfg = Release|Any CPU
		{24C8A670-65A4-4610-9BEC-1D69D1D169F3}.Release|x86.Build.0 = Release|Any CPU
		{1AF58D3C-0EB1-465D-977E-DDAEFF14CD28}.Debug|Any CPU.ActiveCfg = Debug|Any CPU
		{1AF58D3C-0EB1-465D-977E-DDAEFF14CD28}.Debug|Any CPU.Build.0 = Debug|Any CPU
		{1AF58D3C-0EB1-465D-977E-DDAEFF14CD28}.Debug|x64.ActiveCfg = Debug|Any CPU
		{1AF58D3C-0EB1-465D-977E-DDAEFF14CD28}.Debug|x64.Build.0 = Debug|Any CPU
		{1AF58D3C-0EB1-465D-977E-DDAEFF14CD28}.Debug|x86.ActiveCfg = Debug|Any CPU
		{1AF58D3C-0EB1-465D-977E-DDAEFF14CD28}.Debug|x86.Build.0 = Debug|Any CPU
		{1AF58D3C-0EB1-465D-977E-DDAEFF14CD28}.Release|Any CPU.ActiveCfg = Release|Any CPU
		{1AF58D3C-0EB1-465D-977E-DDAEFF14CD28}.Release|Any CPU.Build.0 = Release|Any CPU
		{1AF58D3C-0EB1-465D-977E-DDAEFF14CD28}.Release|x64.ActiveCfg = Release|Any CPU
		{1AF58D3C-0EB1-465D-977E-DDAEFF14CD28}.Release|x64.Build.0 = Release|Any CPU
		{1AF58D3C-0EB1-465D-977E-DDAEFF14CD28}.Release|x86.ActiveCfg = Release|Any CPU
		{1AF58D3C-0EB1-465D-977E-DDAEFF14CD28}.Release|x86.Build.0 = Release|Any CPU
		{F012C2CB-61F8-491A-AC0E-AEF5ADC7471D}.Debug|Any CPU.ActiveCfg = Debug|Any CPU
		{F012C2CB-61F8-491A-AC0E-AEF5ADC7471D}.Debug|Any CPU.Build.0 = Debug|Any CPU
		{F012C2CB-61F8-491A-AC0E-AEF5ADC7471D}.Debug|x64.ActiveCfg = Debug|Any CPU
		{F012C2CB-61F8-491A-AC0E-AEF5ADC7471D}.Debug|x64.Build.0 = Debug|Any CPU
		{F012C2CB-61F8-491A-AC0E-AEF5ADC7471D}.Debug|x86.ActiveCfg = Debug|Any CPU
		{F012C2CB-61F8-491A-AC0E-AEF5ADC7471D}.Debug|x86.Build.0 = Debug|Any CPU
		{F012C2CB-61F8-491A-AC0E-AEF5ADC7471D}.Release|Any CPU.ActiveCfg = Release|Any CPU
		{F012C2CB-61F8-491A-AC0E-AEF5ADC7471D}.Release|Any CPU.Build.0 = Release|Any CPU
		{F012C2CB-61F8-491A-AC0E-AEF5ADC7471D}.Release|x64.ActiveCfg = Release|Any CPU
		{F012C2CB-61F8-491A-AC0E-AEF5ADC7471D}.Release|x64.Build.0 = Release|Any CPU
		{F012C2CB-61F8-491A-AC0E-AEF5ADC7471D}.Release|x86.ActiveCfg = Release|Any CPU
		{F012C2CB-61F8-491A-AC0E-AEF5ADC7471D}.Release|x86.Build.0 = Release|Any CPU
		{BBB120BE-1D83-4D78-9F3D-4F48F2934166}.Debug|Any CPU.ActiveCfg = Debug|Any CPU
		{BBB120BE-1D83-4D78-9F3D-4F48F2934166}.Debug|Any CPU.Build.0 = Debug|Any CPU
		{BBB120BE-1D83-4D78-9F3D-4F48F2934166}.Debug|x64.ActiveCfg = Debug|Any CPU
		{BBB120BE-1D83-4D78-9F3D-4F48F2934166}.Debug|x64.Build.0 = Debug|Any CPU
		{BBB120BE-1D83-4D78-9F3D-4F48F2934166}.Debug|x86.ActiveCfg = Debug|Any CPU
		{BBB120BE-1D83-4D78-9F3D-4F48F2934166}.Debug|x86.Build.0 = Debug|Any CPU
		{BBB120BE-1D83-4D78-9F3D-4F48F2934166}.Release|Any CPU.ActiveCfg = Release|Any CPU
		{BBB120BE-1D83-4D78-9F3D-4F48F2934166}.Release|Any CPU.Build.0 = Release|Any CPU
		{BBB120BE-1D83-4D78-9F3D-4F48F2934166}.Release|x64.ActiveCfg = Release|Any CPU
		{BBB120BE-1D83-4D78-9F3D-4F48F2934166}.Release|x64.Build.0 = Release|Any CPU
		{BBB120BE-1D83-4D78-9F3D-4F48F2934166}.Release|x86.ActiveCfg = Release|Any CPU
		{BBB120BE-1D83-4D78-9F3D-4F48F2934166}.Release|x86.Build.0 = Release|Any CPU
	EndGlobalSection
	GlobalSection(SolutionProperties) = preSolution
		HideSolutionNode = FALSE
	EndGlobalSection
	GlobalSection(NestedProjects) = preSolution
		{313F07EB-AD3E-4686-BC39-CBC75C7CB797} = {827E0CD3-B72D-47B6-A68D-7590B98EB39B}
		{D7C513BF-603C-47BF-9683-E240C6C337AE} = {827E0CD3-B72D-47B6-A68D-7590B98EB39B}
		{168F5DC2-F805-4CEF-B1C9-27CD50220570} = {827E0CD3-B72D-47B6-A68D-7590B98EB39B}
		{95A47B89-A5C1-42CA-9705-B9D1E78A4CC9} = {827E0CD3-B72D-47B6-A68D-7590B98EB39B}
		{D9DBFA37-9948-4E2C-91AC-42EB609C24A8} = {827E0CD3-B72D-47B6-A68D-7590B98EB39B}
		{24C8A670-65A4-4610-9BEC-1D69D1D169F3} = {827E0CD3-B72D-47B6-A68D-7590B98EB39B}
		{1AF58D3C-0EB1-465D-977E-DDAEFF14CD28} = {0AB3BF05-4346-4AA6-1389-037BE0695223}
		{F012C2CB-61F8-491A-AC0E-AEF5ADC7471D} = {827E0CD3-B72D-47B6-A68D-7590B98EB39B}
		{BBB120BE-1D83-4D78-9F3D-4F48F2934166} = {0AB3BF05-4346-4AA6-1389-037BE0695223}
	EndGlobalSection
EndGlobal
